// !$*UTF8*$!
{
	archiveVersion = 1;
	classes = {
	};
	objectVersion = 50;
	objects = {

/* Begin PBXBuildFile section */
		ABED5E55241D345E00E3AE7A /* main.c in Sources */ = {isa = PBXBuildFile; fileRef = ABED5E54241D345E00E3AE7A /* main.c */; };
		ABFC6EA3242ECEDE00E328FD /* Texture.c in Sources */ = {isa = PBXBuildFile; fileRef = ABFC6EA2242ECEDE00E328FD /* Texture.c */; };
		ABFC6EA6242ECEE800E328FD /* Dot.c in Sources */ = {isa = PBXBuildFile; fileRef = ABFC6EA5242ECEE800E328FD /* Dot.c */; };
		ABFC6EA9242ECEF300E328FD /* Button.c in Sources */ = {isa = PBXBuildFile; fileRef = ABFC6EA8242ECEF300E328FD /* Button.c */; };
		ABFC6EAC242ECEFF00E328FD /* Timer.c in Sources */ = {isa = PBXBuildFile; fileRef = ABFC6EAB242ECEFF00E328FD /* Timer.c */; };
		ABFC6EB0242ED03200E328FD /* CheckCollision.c in Sources */ = {isa = PBXBuildFile; fileRef = ABFC6EAF242ED03200E328FD /* CheckCollision.c */; };
		ABFC6EB3242ED0A300E328FD /* Constants.c in Sources */ = {isa = PBXBuildFile; fileRef = ABFC6EB2242ED0A300E328FD /* Constants.c */; };
/* End PBXBuildFile section */

/* Begin PBXCopyFilesBuildPhase section */
		ABE162A12419811000D61E72 /* CopyFiles */ = {
			isa = PBXCopyFilesBuildPhase;
			buildActionMask = 2147483647;
			dstPath = /usr/share/man/man1/;
			dstSubfolderSpec = 0;
			files = (
			);
			runOnlyForDeploymentPostprocessing = 1;
		};
/* End PBXCopyFilesBuildPhase section */

/* Begin PBXFileReference section */
		ABE162A32419811000D61E72 /* SDL-Tutorial */ = {isa = PBXFileReference; explicitFileType = "compiled.mach-o.executable"; includeInIndex = 0; path = "SDL-Tutorial"; sourceTree = BUILT_PRODUCTS_DIR; };
		ABED5E54241D345E00E3AE7A /* main.c */ = {isa = PBXFileReference; lastKnownFileType = sourcecode.c.c; path = main.c; sourceTree = "<group>"; };
		ABFC6EA0242D63C900E328FD /* dot.bmp */ = {isa = PBXFileReference; lastKnownFileType = image.bmp; path = dot.bmp; sourceTree = "<group>"; };
		ABFC6EA1242ECEDE00E328FD /* Texture.h */ = {isa = PBXFileReference; lastKnownFileType = sourcecode.c.h; path = Texture.h; sourceTree = "<group>"; };
		ABFC6EA2242ECEDE00E328FD /* Texture.c */ = {isa = PBXFileReference; lastKnownFileType = sourcecode.c.c; path = Texture.c; sourceTree = "<group>"; };
		ABFC6EA4242ECEE800E328FD /* Dot.h */ = {isa = PBXFileReference; lastKnownFileType = sourcecode.c.h; path = Dot.h; sourceTree = "<group>"; };
		ABFC6EA5242ECEE800E328FD /* Dot.c */ = {isa = PBXFileReference; lastKnownFileType = sourcecode.c.c; path = Dot.c; sourceTree = "<group>"; };
		ABFC6EA7242ECEF300E328FD /* Button.h */ = {isa = PBXFileReference; lastKnownFileType = sourcecode.c.h; path = Button.h; sourceTree = "<group>"; };
		ABFC6EA8242ECEF300E328FD /* Button.c */ = {isa = PBXFileReference; lastKnownFileType = sourcecode.c.c; path = Button.c; sourceTree = "<group>"; };
		ABFC6EAA242ECEFF00E328FD /* Timer.h */ = {isa = PBXFileReference; lastKnownFileType = sourcecode.c.h; path = Timer.h; sourceTree = "<group>"; };
		ABFC6EAB242ECEFF00E328FD /* Timer.c */ = {isa = PBXFileReference; lastKnownFileType = sourcecode.c.c; path = Timer.c; sourceTree = "<group>"; };
		ABFC6EAD242ECFCE00E328FD /* Circle.h */ = {isa = PBXFileReference; lastKnownFileType = sourcecode.c.h; path = Circle.h; sourceTree = "<group>"; };
		ABFC6EAE242ED03200E328FD /* CheckCollision.h */ = {isa = PBXFileReference; lastKnownFileType = sourcecode.c.h; path = CheckCollision.h; sourceTree = "<group>"; };
		ABFC6EAF242ED03200E328FD /* CheckCollision.c */ = {isa = PBXFileReference; lastKnownFileType = sourcecode.c.c; path = CheckCollision.c; sourceTree = "<group>"; };
		ABFC6EB1242ED0A300E328FD /* Constants.h */ = {isa = PBXFileReference; lastKnownFileType = sourcecode.c.h; path = Constants.h; sourceTree = "<group>"; };
		ABFC6EB2242ED0A300E328FD /* Constants.c */ = {isa = PBXFileReference; lastKnownFileType = sourcecode.c.c; path = Constants.c; sourceTree = "<group>"; };
/* End PBXFileReference section */

/* Begin PBXFrameworksBuildPhase section */
		ABE162A02419811000D61E72 /* Frameworks */ = {
			isa = PBXFrameworksBuildPhase;
			buildActionMask = 2147483647;
			files = (
			);
			runOnlyForDeploymentPostprocessing = 0;
		};
/* End PBXFrameworksBuildPhase section */

/* Begin PBXGroup section */
		ABE1629A2419811000D61E72 = {
			isa = PBXGroup;
			children = (
				ABE162A52419811000D61E72 /* SDL-Tutorial */,
				ABE162A42419811000D61E72 /* Products */,
			);
			sourceTree = "<group>";
		};
		ABE162A42419811000D61E72 /* Products */ = {
			isa = PBXGroup;
			children = (
				ABE162A32419811000D61E72 /* SDL-Tutorial */,
			);
			name = Products;
			sourceTree = "<group>";
		};
		ABE162A52419811000D61E72 /* SDL-Tutorial */ = {
			isa = PBXGroup;
			children = (
				ABFC6EA0242D63C900E328FD /* dot.bmp */,
				ABED5E54241D345E00E3AE7A /* main.c */,
				ABFC6EA1242ECEDE00E328FD /* Texture.h */,
				ABFC6EA2242ECEDE00E328FD /* Texture.c */,
				ABFC6EA4242ECEE800E328FD /* Dot.h */,
				ABFC6EA5242ECEE800E328FD /* Dot.c */,
				ABFC6EA7242ECEF300E328FD /* Button.h */,
				ABFC6EA8242ECEF300E328FD /* Button.c */,
				ABFC6EAA242ECEFF00E328FD /* Timer.h */,
				ABFC6EAB242ECEFF00E328FD /* Timer.c */,
				ABFC6EAD242ECFCE00E328FD /* Circle.h */,
				ABFC6EAE242ED03200E328FD /* CheckCollision.h */,
				ABFC6EAF242ED03200E328FD /* CheckCollision.c */,
				ABFC6EB1242ED0A300E328FD /* Constants.h */,
				ABFC6EB2242ED0A300E328FD /* Constants.c */,
			);
			path = "SDL-Tutorial";
			sourceTree = "<group>";
		};
/* End PBXGroup section */

/* Begin PBXNativeTarget section */
		ABE162A22419811000D61E72 /* SDL-Tutorial */ = {
			isa = PBXNativeTarget;
			buildConfigurationList = ABE162AA2419811000D61E72 /* Build configuration list for PBXNativeTarget "SDL-Tutorial" */;
			buildPhases = (
				ABE1629F2419811000D61E72 /* Sources */,
				ABE162A02419811000D61E72 /* Frameworks */,
				ABE162A12419811000D61E72 /* CopyFiles */,
			);
			buildRules = (
			);
			dependencies = (
			);
			name = "SDL-Tutorial";
			productName = "fourier-drawing";
			productReference = ABE162A32419811000D61E72 /* SDL-Tutorial */;
			productType = "com.apple.product-type.tool";
		};
/* End PBXNativeTarget section */

/* Begin PBXProject section */
		ABE1629B2419811000D61E72 /* Project object */ = {
			isa = PBXProject;
			attributes = {
				LastUpgradeCheck = 1140;
				ORGANIZATIONNAME = "Asgard Inc";
				TargetAttributes = {
					ABE162A22419811000D61E72 = {
						CreatedOnToolsVersion = 11.3.1;
					};
				};
			};
			buildConfigurationList = ABE1629E2419811000D61E72 /* Build configuration list for PBXProject "SDL-Tutorial" */;
			compatibilityVersion = "Xcode 9.3";
			developmentRegion = en;
			hasScannedForEncodings = 0;
			knownRegions = (
				en,
				Base,
			);
			mainGroup = ABE1629A2419811000D61E72;
			productRefGroup = ABE162A42419811000D61E72 /* Products */;
			projectDirPath = "";
			projectRoot = "";
			targets = (
				ABE162A22419811000D61E72 /* SDL-Tutorial */,
			);
		};
/* End PBXProject section */

/* Begin PBXSourcesBuildPhase section */
		ABE1629F2419811000D61E72 /* Sources */ = {
			isa = PBXSourcesBuildPhase;
			buildActionMask = 2147483647;
			files = (
				ABFC6EAC242ECEFF00E328FD /* Timer.c in Sources */,
				ABFC6EA6242ECEE800E328FD /* Dot.c in Sources */,
				ABFC6EA9242ECEF300E328FD /* Button.c in Sources */,
				ABED5E55241D345E00E3AE7A /* main.c in Sources */,
				ABFC6EB3242ED0A300E328FD /* Constants.c in Sources */,
				ABFC6EA3242ECEDE00E328FD /* Texture.c in Sources */,
				ABFC6EB0242ED03200E328FD /* CheckCollision.c in Sources */,
			);
			runOnlyForDeploymentPostprocessing = 0;
		};
/* End PBXSourcesBuildPhase section */

/* Begin XCBuildConfiguration section */
		ABE162A82419811000D61E72 /* Debug */ = {
			isa = XCBuildConfiguration;
			buildSettings = {
				ALWAYS_SEARCH_USER_PATHS = NO;
				CLANG_ANALYZER_NONNULL = YES;
				CLANG_ANALYZER_NUMBER_OBJECT_CONVERSION = YES_AGGRESSIVE;
				CLANG_CXX_LANGUAGE_STANDARD = "gnu++14";
				CLANG_CXX_LIBRARY = "libc++";
				CLANG_ENABLE_MODULES = YES;
				CLANG_ENABLE_OBJC_ARC = YES;
				CLANG_ENABLE_OBJC_WEAK = YES;
				CLANG_WARN_BLOCK_CAPTURE_AUTORELEASING = YES;
				CLANG_WARN_BOOL_CONVERSION = YES;
				CLANG_WARN_COMMA = YES;
				CLANG_WARN_CONSTANT_CONVERSION = YES;
				CLANG_WARN_DEPRECATED_OBJC_IMPLEMENTATIONS = YES;
				CLANG_WARN_DIRECT_OBJC_ISA_USAGE = YES_ERROR;
				CLANG_WARN_DOCUMENTATION_COMMENTS = YES;
				CLANG_WARN_EMPTY_BODY = YES;
				CLANG_WARN_ENUM_CONVERSION = YES;
				CLANG_WARN_INFINITE_RECURSION = YES;
				CLANG_WARN_INT_CONVERSION = YES;
				CLANG_WARN_NON_LITERAL_NULL_CONVERSION = YES;
				CLANG_WARN_OBJC_IMPLICIT_RETAIN_SELF = YES;
				CLANG_WARN_OBJC_LITERAL_CONVERSION = YES;
				CLANG_WARN_OBJC_ROOT_CLASS = YES_ERROR;
				CLANG_WARN_RANGE_LOOP_ANALYSIS = YES;
				CLANG_WARN_STRICT_PROTOTYPES = YES;
				CLANG_WARN_SUSPICIOUS_MOVE = YES;
				CLANG_WARN_UNGUARDED_AVAILABILITY = YES_AGGRESSIVE;
				CLANG_WARN_UNREACHABLE_CODE = YES;
				CLANG_WARN__DUPLICATE_METHOD_MATCH = YES;
				COPY_PHASE_STRIP = NO;
				DEBUG_INFORMATION_FORMAT = dwarf;
				ENABLE_STRICT_OBJC_MSGSEND = YES;
				ENABLE_TESTABILITY = YES;
				GCC_C_LANGUAGE_STANDARD = gnu11;
				GCC_DYNAMIC_NO_PIC = NO;
				GCC_NO_COMMON_BLOCKS = YES;
				GCC_OPTIMIZATION_LEVEL = 0;
				GCC_PREPROCESSOR_DEFINITIONS = (
					"DEBUG=1",
					"$(inherited)",
				);
				GCC_WARN_64_TO_32_BIT_CONVERSION = YES;
				GCC_WARN_ABOUT_RETURN_TYPE = YES_ERROR;
				GCC_WARN_UNDECLARED_SELECTOR = YES;
				GCC_WARN_UNINITIALIZED_AUTOS = YES_AGGRESSIVE;
				GCC_WARN_UNUSED_FUNCTION = YES;
				GCC_WARN_UNUSED_VARIABLE = YES;
				MACOSX_DEPLOYMENT_TARGET = 10.15;
				MTL_ENABLE_DEBUG_INFO = INCLUDE_SOURCE;
				MTL_FAST_MATH = YES;
				ONLY_ACTIVE_ARCH = YES;
				"OTHER_CFLAGS[arch=*]" = (
					"-I/usr/local/include/SDL2",
					"-D_THREAD_SAFE",
				);
				"OTHER_LDFLAGS[arch=*]" = (
					"-L/usr/local/lib",
					"-lSDL2",
				);
				SDKROOT = macosx;
			};
			name = Debug;
		};
		ABE162A92419811000D61E72 /* Release */ = {
			isa = XCBuildConfiguration;
			buildSettings = {
				ALWAYS_SEARCH_USER_PATHS = NO;
				CLANG_ANALYZER_NONNULL = YES;
				CLANG_ANALYZER_NUMBER_OBJECT_CONVERSION = YES_AGGRESSIVE;
				CLANG_CXX_LANGUAGE_STANDARD = "gnu++14";
				CLANG_CXX_LIBRARY = "libc++";
				CLANG_ENABLE_MODULES = YES;
				CLANG_ENABLE_OBJC_ARC = YES;
				CLANG_ENABLE_OBJC_WEAK = YES;
				CLANG_WARN_BLOCK_CAPTURE_AUTORELEASING = YES;
				CLANG_WARN_BOOL_CONVERSION = YES;
				CLANG_WARN_COMMA = YES;
				CLANG_WARN_CONSTANT_CONVERSION = YES;
				CLANG_WARN_DEPRECATED_OBJC_IMPLEMENTATIONS = YES;
				CLANG_WARN_DIRECT_OBJC_ISA_USAGE = YES_ERROR;
				CLANG_WARN_DOCUMENTATION_COMMENTS = YES;
				CLANG_WARN_EMPTY_BODY = YES;
				CLANG_WARN_ENUM_CONVERSION = YES;
				CLANG_WARN_INFINITE_RECURSION = YES;
				CLANG_WARN_INT_CONVERSION = YES;
				CLANG_WARN_NON_LITERAL_NULL_CONVERSION = YES;
				CLANG_WARN_OBJC_IMPLICIT_RETAIN_SELF = YES;
				CLANG_WARN_OBJC_LITERAL_CONVERSION = YES;
				CLANG_WARN_OBJC_ROOT_CLASS = YES_ERROR;
				CLANG_WARN_RANGE_LOOP_ANALYSIS = YES;
				CLANG_WARN_STRICT_PROTOTYPES = YES;
				CLANG_WARN_SUSPICIOUS_MOVE = YES;
				CLANG_WARN_UNGUARDED_AVAILABILITY = YES_AGGRESSIVE;
				CLANG_WARN_UNREACHABLE_CODE = YES;
				CLANG_WARN__DUPLICATE_METHOD_MATCH = YES;
				COPY_PHASE_STRIP = NO;
				DEBUG_INFORMATION_FORMAT = "dwarf-with-dsym";
				ENABLE_NS_ASSERTIONS = NO;
				ENABLE_STRICT_OBJC_MSGSEND = YES;
				GCC_C_LANGUAGE_STANDARD = gnu11;
				GCC_NO_COMMON_BLOCKS = YES;
				GCC_WARN_64_TO_32_BIT_CONVERSION = YES;
				GCC_WARN_ABOUT_RETURN_TYPE = YES_ERROR;
				GCC_WARN_UNDECLARED_SELECTOR = YES;
				GCC_WARN_UNINITIALIZED_AUTOS = YES_AGGRESSIVE;
				GCC_WARN_UNUSED_FUNCTION = YES;
				GCC_WARN_UNUSED_VARIABLE = YES;
				MACOSX_DEPLOYMENT_TARGET = 10.15;
				MTL_ENABLE_DEBUG_INFO = NO;
				MTL_FAST_MATH = YES;
				SDKROOT = macosx;
			};
			name = Release;
		};
		ABE162AB2419811000D61E72 /* Debug */ = {
			isa = XCBuildConfiguration;
			buildSettings = {
				CODE_SIGN_IDENTITY = "-";
				CODE_SIGN_STYLE = Automatic;
				GCC_NO_COMMON_BLOCKS = NO;
				"OTHER_LDFLAGS[arch=*]" = (
					"-L/usr/local/lib",
					"-lSDL2",
					"-lSDL2_image",
					"-lSDL2_ttf",
					"-lSDL2_mixer",
				);
				PRODUCT_NAME = "$(TARGET_NAME)";
			};
			name = Debug;
		};
		ABE162AC2419811000D61E72 /* Release */ = {
			isa = XCBuildConfiguration;
			buildSettings = {
				CODE_SIGN_IDENTITY = "-";
				CODE_SIGN_STYLE = Automatic;
				GCC_NO_COMMON_BLOCKS = NO;
				PRODUCT_NAME = "$(TARGET_NAME)";
			};
			name = Release;
		};
/* End XCBuildConfiguration section */

/* Begin XCConfigurationList section */
		ABE1629E2419811000D61E72 /* Build configuration list for PBXProject "SDL-Tutorial" */ = {
			isa = XCConfigurationList;
			buildConfigurations = (
				ABE162A82419811000D61E72 /* Debug */,
				ABE162A92419811000D61E72 /* Release */,
			);
			defaultConfigurationIsVisible = 0;
			defaultConfigurationName = Release;
		};
		ABE162AA2419811000D61E72 /* Build configuration list for PBXNativeTarget "SDL-Tutorial" */ = {
			isa = XCConfigurationList;
			buildConfigurations = (
				ABE162AB2419811000D61E72 /* Debug */,
				ABE162AC2419811000D61E72 /* Release */,
			);
			defaultConfigurationIsVisible = 0;
			defaultConfigurationName = Release;
		};
/* End XCConfigurationList section */
	};
	rootObject = ABE1629B2419811000D61E72 /* Project object */;
}
